
Microsoft Visual Studio Solution File, Format Version 12.00
# Visual Studio 15
VisualStudioVersion = 15.0.27130.2024
MinimumVisualStudioVersion = 10.0.40219.1
Project("{9A19103F-16F7-4668-BE54-9A1E7A4F7556}") = "Eav", "Eav\Eav.csproj", "{F11BB916-859F-4776-A2BA-272FD7727AD0}"
EndProject
Global
	GlobalSection(SolutionConfigurationPlatforms) = preSolution
		Debug|Any CPU = Debug|Any CPU
		Release|Any CPU = Release|Any CPU
	EndGlobalSection
	GlobalSection(ProjectConfigurationPlatforms) = postSolution
		{F11BB916-859F-4776-A2BA-272FD7727AD0}.Debug|Any CPU.ActiveCfg = Debug|Any CPU
		{F11BB916-859F-4776-A2BA-272FD7727AD0}.Debug|Any CPU.Build.0 = Debug|Any CPU
		{F11BB916-859F-4776-A2BA-272FD7727AD0}.Release|Any CPU.ActiveCfg = Release|Any CPU
		{F11BB916-859F-4776-A2BA-272FD7727AD0}.Release|Any CPU.Build.0 = Release|Any CPU
	EndGlobalSection
	GlobalSection(SolutionProperties) = preSolution
		HideSolutionNode = FALSE
	EndGlobalSection
	GlobalSection(ExtensibilityGlobals) = postSolution
		SolutionGuid = {DA93C76F-310C-4601-A875-A0667F3BDCA8}
	EndGlobalSection
EndGlobal
